// !$*UTF8*$!
{
	archiveVersion = 1;
	classes = {
	};
	objectVersion = 46;
	objects = {

/* Begin PBXBuildFile section */
		76AB61221A13457300D5413C /* AppDelegate.swift in Sources */ = {isa = PBXBuildFile; fileRef = 76AB61211A13457300D5413C /* AppDelegate.swift */; };
		76AB61241A13457300D5413C /* ViewController.swift in Sources */ = {isa = PBXBuildFile; fileRef = 76AB61231A13457300D5413C /* ViewController.swift */; };
		76AB61271A13457300D5413C /* Main.storyboard in Resources */ = {isa = PBXBuildFile; fileRef = 76AB61251A13457300D5413C /* Main.storyboard */; };
		76AB61291A13457300D5413C /* Images.xcassets in Resources */ = {isa = PBXBuildFile; fileRef = 76AB61281A13457300D5413C /* Images.xcassets */; };
		76AB612C1A13457300D5413C /* LaunchScreen.xib in Resources */ = {isa = PBXBuildFile; fileRef = 76AB612A1A13457300D5413C /* LaunchScreen.xib */; };
		76AB61381A13457300D5413C /* PostcardTests.swift in Sources */ = {isa = PBXBuildFile; fileRef = 76AB61371A13457300D5413C /* PostcardTests.swift */; };
		76AB61431A1345DF00D5413C /* AlbertEinsteinStamp.jpg in Resources */ = {isa = PBXBuildFile; fileRef = 76AB61411A1345DF00D5413C /* AlbertEinsteinStamp.jpg */; };
		76AB61441A1345DF00D5413C /* SagradaFamilia.jpeg in Resources */ = {isa = PBXBuildFile; fileRef = 76AB61421A1345DF00D5413C /* SagradaFamilia.jpeg */; };
/* End PBXBuildFile section */

/* Begin PBXContainerItemProxy section */
		76AB61321A13457300D5413C /* PBXContainerItemProxy */ = {
			isa = PBXContainerItemProxy;
			containerPortal = 76AB61141A13457300D5413C /* Project object */;
			proxyType = 1;
			remoteGlobalIDString = 76AB611B1A13457300D5413C;
			remoteInfo = Postcard;
		};
/* End PBXContainerItemProxy section */

/* Begin PBXFileReference section */
		76AB611C1A13457300D5413C /* Postcard.app */ = {isa = PBXFileReference; explicitFileType = wrapper.application; includeInIndex = 0; path = Postcard.app; sourceTree = BUILT_PRODUCTS_DIR; };
		76AB61201A13457300D5413C /* Info.plist */ = {isa = PBXFileReference; lastKnownFileType = text.plist.xml; path = Info.plist; sourceTree = "<group>"; };
		76AB61211A13457300D5413C /* AppDelegate.swift */ = {isa = PBXFileReference; lastKnownFileType = sourcecode.swift; path = AppDelegate.swift; sourceTree = "<group>"; };
		76AB61231A13457300D5413C /* ViewController.swift */ = {isa = PBXFileReference; lastKnownFileType = sourcecode.swift; path = ViewController.swift; sourceTree = "<group>"; };
		76AB61261A13457300D5413C /* Base */ = {isa = PBXFileReference; lastKnownFileType = file.storyboard; name = Base; path = Base.lproj/Main.storyboard; sourceTree = "<group>"; };
		76AB61281A13457300D5413C /* Images.xcassets */ = {isa = PBXFileReference; lastKnownFileType = folder.assetcatalog; path = Images.xcassets; sourceTree = "<group>"; };
		76AB612B1A13457300D5413C /* Base */ = {isa = PBXFileReference; lastKnownFileType = file.xib; name = Base; path = Base.lproj/LaunchScreen.xib; sourceTree = "<group>"; };
		76AB61311A13457300D5413C /* PostcardTests.xctest */ = {isa = PBXFileReference; explicitFileType = wrapper.cfbundle; includeInIndex = 0; path = PostcardTests.xctest; sourceTree = BUILT_PRODUCTS_DIR; };
		76AB61361A13457300D5413C /* Info.plist */ = {isa = PBXFileReference; lastKnownFileType = text.plist.xml; path = Info.plist; sourceTree = "<group>"; };
		76AB61371A13457300D5413C /* PostcardTests.swift */ = {isa = PBXFileReference; lastKnownFileType = sourcecode.swift; path = PostcardTests.swift; sourceTree = "<group>"; };
		76AB61411A1345DF00D5413C /* AlbertEinsteinStamp.jpg */ = {isa = PBXFileReference; lastKnownFileType = image.jpeg; path = AlbertEinsteinStamp.jpg; sourceTree = "<group>"; };
		76AB61421A1345DF00D5413C /* SagradaFamilia.jpeg */ = {isa = PBXFileReference; lastKnownFileType = image.jpeg; path = SagradaFamilia.jpeg; sourceTree = "<group>"; };
/* End PBXFileReference section */

/* Begin PBXFrameworksBuildPhase section */
		76AB61191A13457300D5413C /* Frameworks */ = {
			isa = PBXFrameworksBuildPhase;
			buildActionMask = 2147483647;
			files = (
			);
			runOnlyForDeploymentPostprocessing = 0;
		};
		76AB612E1A13457300D5413C /* Frameworks */ = {
			isa = PBXFrameworksBuildPhase;
			buildActionMask = 2147483647;
			files = (
			);
			runOnlyForDeploymentPostprocessing = 0;
		};
/* End PBXFrameworksBuildPhase section */

/* Begin PBXGroup section */
		76AB61131A13457300D5413C = {
			isa = PBXGroup;
			children = (
				76AB611E1A13457300D5413C /* Postcard */,
				76AB61341A13457300D5413C /* PostcardTests */,
				76AB611D1A13457300D5413C /* Products */,
			);
			sourceTree = "<group>";
		};
		76AB611D1A13457300D5413C /* Products */ = {
			isa = PBXGroup;
			children = (
				76AB611C1A13457300D5413C /* Postcard.app */,
				76AB61311A13457300D5413C /* PostcardTests.xctest */,
			);
			name = Products;
			sourceTree = "<group>";
		};
		76AB611E1A13457300D5413C /* Postcard */ = {
			isa = PBXGroup;
			children = (
				76AB61211A13457300D5413C /* AppDelegate.swift */,
				76AB61231A13457300D5413C /* ViewController.swift */,
				76AB61251A13457300D5413C /* Main.storyboard */,
				76AB61281A13457300D5413C /* Images.xcassets */,
				76AB612A1A13457300D5413C /* LaunchScreen.xib */,
				76AB611F1A13457300D5413C /* Supporting Files */,
			);
			path = Postcard;
			sourceTree = "<group>";
		};
		76AB611F1A13457300D5413C /* Supporting Files */ = {
			isa = PBXGroup;
			children = (
				76AB61411A1345DF00D5413C /* AlbertEinsteinStamp.jpg */,
				76AB61421A1345DF00D5413C /* SagradaFamilia.jpeg */,
				76AB61201A13457300D5413C /* Info.plist */,
			);
			name = "Supporting Files";
			sourceTree = "<group>";
		};
		76AB61341A13457300D5413C /* PostcardTests */ = {
			isa = PBXGroup;
			children = (
				76AB61371A13457300D5413C /* PostcardTests.swift */,
				76AB61351A13457300D5413C /* Supporting Files */,
			);
			path = PostcardTests;
			sourceTree = "<group>";
		};
		76AB61351A13457300D5413C /* Supporting Files */ = {
			isa = PBXGroup;
			children = (
				76AB61361A13457300D5413C /* Info.plist */,
			);
			name = "Supporting Files";
			sourceTree = "<group>";
		};
/* End PBXGroup section */

/* Begin PBXNativeTarget section */
		76AB611B1A13457300D5413C /* Postcard */ = {
			isa = PBXNativeTarget;
			buildConfigurationList = 76AB613B1A13457300D5413C /* Build configuration list for PBXNativeTarget "Postcard" */;
			buildPhases = (
				76AB61181A13457300D5413C /* Sources */,
				76AB61191A13457300D5413C /* Frameworks */,
				76AB611A1A13457300D5413C /* Resources */,
			);
			buildRules = (
			);
			dependencies = (
			);
			name = Postcard;
			productName = Postcard;
			productReference = 76AB611C1A13457300D5413C /* Postcard.app */;
			productType = "com.apple.product-type.application";
		};
		76AB61301A13457300D5413C /* PostcardTests */ = {
			isa = PBXNativeTarget;
			buildConfigurationList = 76AB613E1A13457300D5413C /* Build configuration list for PBXNativeTarget "PostcardTests" */;
			buildPhases = (
				76AB612D1A13457300D5413C /* Sources */,
				76AB612E1A13457300D5413C /* Frameworks */,
				76AB612F1A13457300D5413C /* Resources */,
			);
			buildRules = (
			);
			dependencies = (
				76AB61331A13457300D5413C /* PBXTargetDependency */,
			);
			name = PostcardTests;
			productName = PostcardTests;
			productReference = 76AB61311A13457300D5413C /* PostcardTests.xctest */;
			productType = "com.apple.product-type.bundle.unit-test";
		};
/* End PBXNativeTarget section */

/* Begin PBXProject section */
		76AB61141A13457300D5413C /* Project object */ = {
			isa = PBXProject;
			attributes = {
				LastUpgradeCheck = 0610;
				ORGANIZATIONNAME = "Mohamed Adel";
				TargetAttributes = {
					76AB611B1A13457300D5413C = {
						CreatedOnToolsVersion = 6.1;
					};
					76AB61301A13457300D5413C = {
						CreatedOnToolsVersion = 6.1;
						TestTargetID = 76AB611B1A13457300D5413C;
					};
				};
			};
			buildConfigurationList = 76AB61171A13457300D5413C /* Build configuration list for PBXProject "Postcard" */;
			compatibilityVersion = "Xcode 3.2";
			developmentRegion = English;
			hasScannedForEncodings = 0;
			knownRegions = (
				en,
				Base,
			);
			mainGroup = 76AB61131A13457300D5413C;
			productRefGroup = 76AB611D1A13457300D5413C /* Products */;
			projectDirPath = "";
			projectRoot = "";
			targets = (
				76AB611B1A13457300D5413C /* Postcard */,
				76AB61301A13457300D5413C /* PostcardTests */,
			);
		};
/* End PBXProject section */

/* Begin PBXResourcesBuildPhase section */
		76AB611A1A13457300D5413C /* Resources */ = {
			isa = PBXResourcesBuildPhase;
			buildActionMask = 2147483647;
			files = (
				76AB61431A1345DF00D5413C /* AlbertEinsteinStamp.jpg in Resources */,
				76AB61271A13457300D5413C /* Main.storyboard in Resources */,
				76AB612C1A13457300D5413C /* LaunchScreen.xib in Resources */,
				76AB61291A13457300D5413C /* Images.xcassets in Resources */,
				76AB61441A1345DF00D5413C /* SagradaFamilia.jpeg in Resources */,
			);
			runOnlyForDeploymentPostprocessing = 0;
		};
		76AB612F1A13457300D5413C /* Resources */ = {
			isa = PBXResourcesBuildPhase;
			buildActionMask = 2147483647;
			files = (
			);
			runOnlyForDeploymentPostprocessing = 0;
		};
/* End PBXResourcesBuildPhase section */

/* Begin PBXSourcesBuildPhase section */
		76AB61181A13457300D5413C /* Sources */ = {
			isa = PBXSourcesBuildPhase;
			buildActionMask = 2147483647;
			files = (
				76AB61241A13457300D5413C /* ViewController.swift in Sources */,
				76AB61221A13457300D5413C /* AppDelegate.swift in Sources */,
			);
			runOnlyForDeploymentPostprocessing = 0;
		};
		76AB612D1A13457300D5413C /* Sources */ = {
			isa = PBXSourcesBuildPhase;
			buildActionMask = 2147483647;
			files = (
				76AB61381A13457300D5413C /* PostcardTests.swift in Sources */,
			);
			runOnlyForDeploymentPostprocessing = 0;
		};
/* End PBXSourcesBuildPhase section */

/* Begin PBXTargetDependency section */
		76AB61331A13457300D5413C /* PBXTargetDependency */ = {
			isa = PBXTargetDependency;
			target = 76AB611B1A13457300D5413C /* Postcard */;
			targetProxy = 76AB61321A13457300D5413C /* PBXContainerItemProxy */;
		};
/* End PBXTargetDependency section */

/* Begin PBXVariantGroup section */
		76AB61251A13457300D5413C /* Main.storyboard */ = {
			isa = PBXVariantGroup;
			children = (
				76AB61261A13457300D5413C /* Base */,
			);
			name = Main.storyboard;
			sourceTree = "<group>";
		};
		76AB612A1A13457300D5413C /* LaunchScreen.xib */ = {
			isa = PBXVariantGroup;
			children = (
				76AB612B1A13457300D5413C /* Base */,
			);
			name = LaunchScreen.xib;
			sourceTree = "<group>";
		};
/* End PBXVariantGroup section */

/* Begin XCBuildConfiguration section */
		76AB61391A13457300D5413C /* Debug */ = {
			isa = XCBuildConfiguration;
			buildSettings = {
				ALWAYS_SEARCH_USER_PATHS = NO;
				CLANG_CXX_LANGUAGE_STANDARD = "gnu++0x";
				CLANG_CXX_LIBRARY = "libc++";
				CLANG_ENABLE_MODULES = YES;
				CLANG_ENABLE_OBJC_ARC = YES;
				CLANG_WARN_BOOL_CONVERSION = YES;
				CLANG_WARN_CONSTANT_CONVERSION = YES;
				CLANG_WARN_DIRECT_OBJC_ISA_USAGE = YES_ERROR;
				CLANG_WARN_EMPTY_BODY = YES;
				CLANG_WARN_ENUM_CONVERSION = YES;
				CLANG_WARN_INT_CONVERSION = YES;
				CLANG_WARN_OBJC_ROOT_CLASS = YES_ERROR;
				CLANG_WARN_UNREACHABLE_CODE = YES;
				CLANG_WARN__DUPLICATE_METHOD_MATCH = YES;
				"CODE_SIGN_IDENTITY[sdk=iphoneos*]" = "iPhone Developer";
				COPY_PHASE_STRIP = NO;
				ENABLE_STRICT_OBJC_MSGSEND = YES;
				GCC_C_LANGUAGE_STANDARD = gnu99;
				GCC_DYNAMIC_NO_PIC = NO;
				GCC_OPTIMIZATION_LEVEL = 0;
				GCC_PREPROCESSOR_DEFINITIONS = (
					"DEBUG=1",
					"$(inherited)",
				);
				GCC_SYMBOLS_PRIVATE_EXTERN = NO;
				GCC_WARN_64_TO_32_BIT_CONVERSION = YES;
				GCC_WARN_ABOUT_RETURN_TYPE = YES_ERROR;
				GCC_WARN_UNDECLARED_SELECTOR = YES;
				GCC_WARN_UNINITIALIZED_AUTOS = YES_AGGRESSIVE;
				GCC_WARN_UNUSED_FUNCTION = YES;
				GCC_WARN_UNUSED_VARIABLE = YES;
				IPHONEOS_DEPLOYMENT_TARGET = 8.1;
				MTL_ENABLE_DEBUG_INFO = YES;
				ONLY_ACTIVE_ARCH = YES;
				SDKROOT = iphoneos;
				SWIFT_OPTIMIZATION_LEVEL = "-Onone";
				TARGETED_DEVICE_FAMILY = "1,2";
			};
			name = Debug;
		};
		76AB613A1A13457300D5413C /* Release */ = {
			isa = XCBuildConfiguration;
			buildSettings = {
				ALWAYS_SEARCH_USER_PATHS = NO;
				CLANG_CXX_LANGUAGE_STANDARD = "gnu++0x";
				CLANG_CXX_LIBRARY = "libc++";
				CLANG_ENABLE_MODULES = YES;
				CLANG_ENABLE_OBJC_ARC = YES;
				CLANG_WARN_BOOL_CONVERSION = YES;
				CLANG_WARN_CONSTANT_CONVERSION = YES;
				CLANG_WARN_DIRECT_OBJC_ISA_USAGE = YES_ERROR;
				CLANG_WARN_EMPTY_BODY = YES;
				CLANG_WARN_ENUM_CONVERSION = YES;
				CLANG_WARN_INT_CONVERSION = YES;
				CLANG_WARN_OBJC_ROOT_CLASS = YES_ERROR;
				CLANG_WARN_UNREACHABLE_CODE = YES;
				CLANG_WARN__DUPLICATE_METHOD_MATCH = YES;
				"CODE_SIGN_IDENTITY[sdk=iphoneos*]" = "iPhone Developer";
				COPY_PHASE_STRIP = YES;
				ENABLE_NS_ASSERTIONS = NO;
				ENABLE_STRICT_OBJC_MSGSEND = YES;
				GCC_C_LANGUAGE_STANDARD = gnu99;
				GCC_WARN_64_TO_32_BIT_CONVERSION = YES;
				GCC_WARN_ABOUT_RETURN_TYPE = YES_ERROR;
				GCC_WARN_UNDECLARED_SELECTOR = YES;
				GCC_WARN_UNINITIALIZED_AUTOS = YES_AGGRESSIVE;
				GCC_WARN_UNUSED_FUNCTION = YES;
				GCC_WARN_UNUSED_VARIABLE = YES;
				IPHONEOS_DEPLOYMENT_TARGET = 8.1;
				MTL_ENABLE_DEBUG_INFO = NO;
				SDKROOT = iphoneos;
				TARGETED_DEVICE_FAMILY = "1,2";
				VALIDATE_PRODUCT = YES;
			};
			name = Release;
		};
		76AB613C1A13457300D5413C /* Debug */ = {
			isa = XCBuildConfiguration;
			buildSettings = {
				ASSETCATALOG_COMPILER_APPICON_NAME = AppIcon;
				INFOPLIST_FILE = Postcard/Info.plist;
				LD_RUNPATH_SEARCH_PATHS = "$(inherited) @executable_path/Frameworks";
				PRODUCT_NAME = "$(TARGET_NAME)";
			};
			name = Debug;
		};
		76AB613D1A13457300D5413C /* Release */ = {
			isa = XCBuildConfiguration;
			buildSettings = {
				ASSETCATALOG_COMPILER_APPICON_NAME = AppIcon;
				INFOPLIST_FILE = Postcard/Info.plist;
				LD_RUNPATH_SEARCH_PATHS = "$(inherited) @executable_path/Frameworks";
				PRODUCT_NAME = "$(TARGET_NAME)";
			};
			name = Release;
		};
		76AB613F1A13457300D5413C /* Debug */ = {
			isa = XCBuildConfiguration;
			buildSettings = {
				BUNDLE_LOADER = "$(TEST_HOST)";
				FRAMEWORK_SEARCH_PATHS = (
					"$(SDKROOT)/Developer/Library/Frameworks",
					"$(inherited)",
				);
				GCC_PREPROCESSOR_DEFINITIONS = (
					"DEBUG=1",
					"$(inherited)",
				);
				INFOPLIST_FILE = PostcardTests/Info.plist;
				LD_RUNPATH_SEARCH_PATHS = "$(inherited) @executable_path/Frameworks @loader_path/Frameworks";
				PRODUCT_NAME = "$(TARGET_NAME)";
				TEST_HOST = "$(BUILT_PRODUCTS_DIR)/Postcard.app/Postcard";
			};
			name = Debug;
		};
		76AB61401A13457300D5413C /* Release */ = {
			isa = XCBuildConfiguration;
			buildSettings = {
				BUNDLE_LOADER = "$(TEST_HOST)";
				FRAMEWORK_SEARCH_PATHS = (
					"$(SDKROOT)/Developer/Library/Frameworks",
					"$(inherited)",
				);
				INFOPLIST_FILE = PostcardTests/Info.plist;
				LD_RUNPATH_SEARCH_PATHS = "$(inherited) @executable_path/Frameworks @loader_path/Frameworks";
				PRODUCT_NAME = "$(TARGET_NAME)";
				TEST_HOST = "$(BUILT_PRODUCTS_DIR)/Postcard.app/Postcard";
			};
			name = Release;
		};
/* End XCBuildConfiguration section */

/* Begin XCConfigurationList section */
		76AB61171A13457300D5413C /* Build configuration list for PBXProject "Postcard" */ = {
			isa = XCConfigurationList;
			buildConfigurations = (
				76AB61391A13457300D5413C /* Debug */,
				76AB613A1A13457300D5413C /* Release */,
			);
			defaultConfigurationIsVisible = 0;
			defaultConfigurationName = Release;
		};
		76AB613B1A13457300D5413C /* Build configuration list for PBXNativeTarget "Postcard" */ = {
			isa = XCConfigurationList;
			buildConfigurations = (
				76AB613C1A13457300D5413C /* Debug */,
				76AB613D1A13457300D5413C /* Release */,
			);
			defaultConfigurationIsVisible = 0;
		};
		76AB613E1A13457300D5413C /* Build configuration list for PBXNativeTarget "PostcardTests" */ = {
			isa = XCConfigurationList;
			buildConfigurations = (
				76AB613F1A13457300D5413C /* Debug */,
				76AB61401A13457300D5413C /* Release */,
			);
			defaultConfigurationIsVisible = 0;
		};
/* End XCConfigurationList section */
	};
	rootObject = 76AB61141A13457300D5413C /* Project object */;
}
